{
  "name": "io.cordova.hellocordova",
  "version": "1.0.0",
  "lockfileVersion": 2,
  "requires": true,
  "packages": {
    "": {
      "name": "io.cordova.hellocordova",
      "version": "1.0.0",
      "license": "Apache-2.0",
      "devDependencies": {
        "cordova-plugin-camera": "^6.0.0"
      }
    },
    "node_modules/cordova-plugin-camera": {
      "version": "6.0.0",
      "resolved": "https://registry.npmjs.org/cordova-plugin-camera/-/cordova-plugin-camera-6.0.0.tgz",
      "integrity": "sha512-FTFKep8HZI/2HkX+Gc/dUACfZGV9+k9waXlgoEOKXOiPPR/1zBw29Mw+adcz4FQUpdWyAgYDxNiaPUnP0P+H2Q==",
      "dev": true,
      "engines": {
        "cordovaDependencies": {
          "3.0.0": {
            "cordova-android": ">=6.3.0"
          },
          "4.1.0": {
            "cordova": ">=7.1.0",
            "cordova-android": ">=6.3.0"
          },
          "5.0.0": {
            "cordova": ">=9.0.0",
            "cordova-android": ">=9.0.0",
            "cordova-ios": ">=5.1.0"
          },
          "5.0.4-dev": {
            "cordova": ">=9.0.0",
            "cordova-android": "<10.0.0",
            "cordova-ios": ">=5.1.0"
          },
          "6.0.0": {
            "cordova": ">=9.0.0",
            "cordova-android": ">=10.0.0",
            "cordova-ios": ">=5.1.0"
          },
          "7.0.0": {
            "cordova": ">100"
          }
        }
      }
    }
  },
  "dependencies": {
    "cordova-plugin-camera": {
      "version": "6.0.0",
      "resolved": "https://registry.npmjs.org/cordova-plugin-camera/-/cordova-plugin-camera-6.0.0.tgz",
      "integrity": "sha512-FTFKep8HZI/2HkX+Gc/dUACfZGV9+k9waXlgoEOKXOiPPR/1zBw29Mw+adcz4FQUpdWyAgYDxNiaPUnP0P+H2Q==",
      "dev": true
    }
  }
}
